# This file was autogenerated by Stack.
# You should not edit this file by hand.
# For more information, please see the documentation at:
#   https://docs.haskellstack.org/en/stable/lock_files

packages:
- completed:
    hackage: parsec-3.1.16.1@sha256:5769242043b01bf759b07b7efedcb19607837ee79015fcddde34645664136aed,4691
    pantry-tree:
      size: 2698
      sha256: aee875443fc603500dcfcb5bea5c116ebcb990037abcf17e8d7020e493a51476
  original:
    hackage: parsec-3.1.16.1
- completed:
    hackage: syb-0.7.2.2@sha256:bc800dbd35a17b652082f7f9790fd20d196ea0f44daaa7d5ac46491d8ecc7347,3815
    pantry-tree:
      size: 3396
      sha256: 44127e4700ae77043fc6b99c033b805c0c8826135a00a56b6097f8186212ec75
  original:
    hackage: syb-0.7.2.2@sha256:bc800dbd35a17b652082f7f9790fd20d196ea0f44daaa7d5ac46491d8ecc7347,3815
snapshots: []
